
Microsoft Visual Studio Solution File, Format Version 12.00
# Visual Studio Version 16
VisualStudioVersion = 16.0.31025.194
MinimumVisualStudioVersion = 10.0.40219.1
Project("{9A19103F-16F7-4668-BE54-9A1E7A4F7556}") = "PRO_API", "PRO_API.csproj", "{7B4B6FC6-E651-4B0B-9F23-EF907076C582}"
EndProject
Project("{FAE04EC0-301F-11D3-BF4B-00C04F79EFBC}") = "Domain", "..\Domain\Domain.csproj", "{CC8A206E-380A-4040-A89E-57A96E9F013D}"
EndProject
Global
	GlobalSection(SolutionConfigurationPlatforms) = preSolution
		Debug|Any CPU = Debug|Any CPU
		Release|Any CPU = Release|Any CPU
	EndGlobalSection
	GlobalSection(ProjectConfigurationPlatforms) = postSolution
		{7B4B6FC6-E651-4B0B-9F23-EF907076C582}.Debug|Any CPU.ActiveCfg = Debug|Any CPU
		{7B4B6FC6-E651-4B0B-9F23-EF907076C582}.Debug|Any CPU.Build.0 = Debug|Any CPU
		{7B4B6FC6-E651-4B0B-9F23-EF907076C582}.Release|Any CPU.ActiveCfg = Release|Any CPU
		{7B4B6FC6-E651-4B0B-9F23-EF907076C582}.Release|Any CPU.Build.0 = Release|Any CPU
		{CC8A206E-380A-4040-A89E-57A96E9F013D}.Debug|Any CPU.ActiveCfg = Debug|Any CPU
		{CC8A206E-380A-4040-A89E-57A96E9F013D}.Debug|Any CPU.Build.0 = Debug|Any CPU
		{CC8A206E-380A-4040-A89E-57A96E9F013D}.Release|Any CPU.ActiveCfg = Release|Any CPU
		{CC8A206E-380A-4040-A89E-57A96E9F013D}.Release|Any CPU.Build.0 = Release|Any CPU
	EndGlobalSection
	GlobalSection(SolutionProperties) = preSolution
		HideSolutionNode = FALSE
	EndGlobalSection
	GlobalSection(ExtensibilityGlobals) = postSolution
		SolutionGuid = {17B456DD-5CB9-49FC-A9AA-8D966E29BE56}
	EndGlobalSection
EndGlobal
